
Microsoft Visual Studio Solution File, Format Version 12.00
# Visual Studio Version 17
VisualStudioVersion = 17.4.33213.308
MinimumVisualStudioVersion = 10.0.40219.1
Project("{FAE04EC0-301F-11D3-BF4B-00C04F79EFBC}") = "KafeProjem", "KafeProjem\KafeProjem.csproj", "{09F07652-CF2E-423A-8166-230EC96BDF4A}"
EndProject
Global
	GlobalSection(SolutionConfigurationPlatforms) = preSolution
		Debug|Any CPU = Debug|Any CPU
		Release|Any CPU = Release|Any CPU
	EndGlobalSection
	GlobalSection(ProjectConfigurationPlatforms) = postSolution
		{09F07652-CF2E-423A-8166-230EC96BDF4A}.Debug|Any CPU.ActiveCfg = Debug|Any CPU
		{09F07652-CF2E-423A-8166-230EC96BDF4A}.Debug|Any CPU.Build.0 = Debug|Any CPU
		{09F07652-CF2E-423A-8166-230EC96BDF4A}.Release|Any CPU.ActiveCfg = Release|Any CPU
		{09F07652-CF2E-423A-8166-230EC96BDF4A}.Release|Any CPU.Build.0 = Release|Any CPU
	EndGlobalSection
	GlobalSection(SolutionProperties) = preSolution
		HideSolutionNode = FALSE
	EndGlobalSection
	GlobalSection(ExtensibilityGlobals) = postSolution
		SolutionGuid = {5CFCC255-5B86-413E-A845-172DCAAEBE8A}
	EndGlobalSection
EndGlobal
